Microsoft Visual Studio Solution File, Format Version 12.00
# Visual Studio Version 17
VisualStudioVersion = 17.5.2.0
MinimumVisualStudioVersion = 10.0.40219.1
Project("{FAE04EC0-301F-11D3-BF4B-00C04F79EFBC}") = "Liga-Fut", "Liga-Fut.csproj", "{35151EE1-8774-233E-1D5F-A9753B9F1AE1}"
EndProject
Global
	GlobalSection(SolutionConfigurationPlatforms) = preSolution
		Debug|Any CPU = Debug|Any CPU
		Release|Any CPU = Release|Any CPU
	EndGlobalSection
	GlobalSection(ProjectConfigurationPlatforms) = postSolution
		{35151EE1-8774-233E-1D5F-A9753B9F1AE1}.Debug|Any CPU.ActiveCfg = Debug|Any CPU
		{35151EE1-8774-233E-1D5F-A9753B9F1AE1}.Debug|Any CPU.Build.0 = Debug|Any CPU
		{35151EE1-8774-233E-1D5F-A9753B9F1AE1}.Release|Any CPU.ActiveCfg = Release|Any CPU
		{35151EE1-8774-233E-1D5F-A9753B9F1AE1}.Release|Any CPU.Build.0 = Release|Any CPU
	EndGlobalSection
	GlobalSection(SolutionProperties) = preSolution
		HideSolutionNode = FALSE
	EndGlobalSection
	GlobalSection(ExtensibilityGlobals) = postSolution
		SolutionGuid = {70230BB4-28E6-40F1-8CB8-A7E00FF95B0D}
	EndGlobalSection
EndGlobal
